
Microsoft Visual Studio Solution File, Format Version 12.00
Project("{FAE04EC0-301F-11D3-BF4B-00C04F79EFBC}") = "InMindLab9", "InMindLab9\InMindLab9.csproj", "{45439BC4-B471-45CD-A40F-67A99FD54BA2}"
EndProject
Global
	GlobalSection(SolutionConfigurationPlatforms) = preSolution
		Debug|Any CPU = Debug|Any CPU
		Release|Any CPU = Release|Any CPU
	EndGlobalSection
	GlobalSection(ProjectConfigurationPlatforms) = postSolution
		{45439BC4-B471-45CD-A40F-67A99FD54BA2}.Debug|Any CPU.ActiveCfg = Debug|Any CPU
		{45439BC4-B471-45CD-A40F-67A99FD54BA2}.Debug|Any CPU.Build.0 = Debug|Any CPU
		{45439BC4-B471-45CD-A40F-67A99FD54BA2}.Release|Any CPU.ActiveCfg = Release|Any CPU
		{45439BC4-B471-45CD-A40F-67A99FD54BA2}.Release|Any CPU.Build.0 = Release|Any CPU
	EndGlobalSection
EndGlobal
